
Microsoft Visual Studio Solution File, Format Version 12.00
# Visual Studio Version 17
VisualStudioVersion = 17.10.35013.160
MinimumVisualStudioVersion = 10.0.40219.1
Project("{FAE04EC0-301F-11D3-BF4B-00C04F79EFBC}") = "TodoAppMVC", "TodoAppMVC.csproj", "{9B010ACA-ADFE-4924-931B-A1798A0A839B}"
EndProject
Global
	GlobalSection(SolutionConfigurationPlatforms) = preSolution
		Debug|Any CPU = Debug|Any CPU
		Release|Any CPU = Release|Any CPU
	EndGlobalSection
	GlobalSection(ProjectConfigurationPlatforms) = postSolution
		{9B010ACA-ADFE-4924-931B-A1798A0A839B}.Debug|Any CPU.ActiveCfg = Debug|Any CPU
		{9B010ACA-ADFE-4924-931B-A1798A0A839B}.Debug|Any CPU.Build.0 = Debug|Any CPU
		{9B010ACA-ADFE-4924-931B-A1798A0A839B}.Release|Any CPU.ActiveCfg = Release|Any CPU
		{9B010ACA-ADFE-4924-931B-A1798A0A839B}.Release|Any CPU.Build.0 = Release|Any CPU
	EndGlobalSection
	GlobalSection(SolutionProperties) = preSolution
		HideSolutionNode = FALSE
	EndGlobalSection
	GlobalSection(ExtensibilityGlobals) = postSolution
		SolutionGuid = {837E0D5F-EFEA-45E0-81CA-A538FAC9469C}
	EndGlobalSection
EndGlobal
